Microsoft Visual Studio Solution File, Format Version 12.00
# Visual Studio 2012
Project("{FAE04EC0-301F-11D3-BF4B-00C04F79EFBC}") = "Albion Navigator", "Albion Navigator.csproj", "{BBE6EFBE-06E0-4D40-BE7D-BE959CE87F29}"
EndProject
Global
	GlobalSection(SolutionConfigurationPlatforms) = preSolution
	Debug|Any CPU = Debug|Any CPU
	ExportDebug|Any CPU = ExportDebug|Any CPU
	ExportRelease|Any CPU = ExportRelease|Any CPU
	EndGlobalSection
	GlobalSection(ProjectConfigurationPlatforms) = postSolution
		{BBE6EFBE-06E0-4D40-BE7D-BE959CE87F29}.Debug|Any CPU.ActiveCfg = Debug|Any CPU
		{BBE6EFBE-06E0-4D40-BE7D-BE959CE87F29}.Debug|Any CPU.Build.0 = Debug|Any CPU
		{BBE6EFBE-06E0-4D40-BE7D-BE959CE87F29}.ExportDebug|Any CPU.ActiveCfg = ExportDebug|Any CPU
		{BBE6EFBE-06E0-4D40-BE7D-BE959CE87F29}.ExportDebug|Any CPU.Build.0 = ExportDebug|Any CPU
		{BBE6EFBE-06E0-4D40-BE7D-BE959CE87F29}.ExportRelease|Any CPU.ActiveCfg = ExportRelease|Any CPU
		{BBE6EFBE-06E0-4D40-BE7D-BE959CE87F29}.ExportRelease|Any CPU.Build.0 = ExportRelease|Any CPU
	EndGlobalSection
EndGlobal
